
Microsoft Visual Studio Solution File, Format Version 12.00
# Visual Studio 15
VisualStudioVersion = 15.0.27428.2015
MinimumVisualStudioVersion = 10.0.40219.1
Project("{9A19103F-16F7-4668-BE54-9A1E7A4F7556}") = "ConfigSharpParser", "ConfigSharp\ConfigSharpParser.csproj", "{14C5FC7C-1586-443F-8A26-8630C1331177}"
EndProject
Project("{FAE04EC0-301F-11D3-BF4B-00C04F79EFBC}") = "ConsoleApp1", "ConsoleApp1\ConsoleApp1.csproj", "{BF812BA0-63EA-4479-8F0C-497A90653C10}"
EndProject
Global
	GlobalSection(SolutionConfigurationPlatforms) = preSolution
		Debug|Any CPU = Debug|Any CPU
		Release|Any CPU = Release|Any CPU
	EndGlobalSection
	GlobalSection(ProjectConfigurationPlatforms) = postSolution
		{14C5FC7C-1586-443F-8A26-8630C1331177}.Debug|Any CPU.ActiveCfg = Debug|Any CPU
		{14C5FC7C-1586-443F-8A26-8630C1331177}.Debug|Any CPU.Build.0 = Debug|Any CPU
		{14C5FC7C-1586-443F-8A26-8630C1331177}.Release|Any CPU.ActiveCfg = Release|Any CPU
		{14C5FC7C-1586-443F-8A26-8630C1331177}.Release|Any CPU.Build.0 = Release|Any CPU
		{BF812BA0-63EA-4479-8F0C-497A90653C10}.Debug|Any CPU.ActiveCfg = Debug|Any CPU
		{BF812BA0-63EA-4479-8F0C-497A90653C10}.Debug|Any CPU.Build.0 = Debug|Any CPU
		{BF812BA0-63EA-4479-8F0C-497A90653C10}.Release|Any CPU.ActiveCfg = Release|Any CPU
		{BF812BA0-63EA-4479-8F0C-497A90653C10}.Release|Any CPU.Build.0 = Release|Any CPU
	EndGlobalSection
	GlobalSection(SolutionProperties) = preSolution
		HideSolutionNode = FALSE
	EndGlobalSection
	GlobalSection(ExtensibilityGlobals) = postSolution
		SolutionGuid = {8353315F-5063-44C1-A7EB-BF07B459DCBF}
	EndGlobalSection
EndGlobal
